
Microsoft Visual Studio Solution File, Format Version 12.00
# Visual Studio 2013
VisualStudioVersion = 12.0.30110.0
MinimumVisualStudioVersion = 10.0.40219.1
Project("{FAE04EC0-301F-11D3-BF4B-00C04F79EFBC}") = "SampleOwinHost", "SampleOwinHost\SampleOwinHost.csproj", "{4AA2B2D6-DCE9-4DA2-961D-4D9BA52813B6}"
EndProject
Global
	GlobalSection(SolutionConfigurationPlatforms) = preSolution
		Debug|Any CPU = Debug|Any CPU
		Release|Any CPU = Release|Any CPU
	EndGlobalSection
	GlobalSection(ProjectConfigurationPlatforms) = postSolution
		{4AA2B2D6-DCE9-4DA2-961D-4D9BA52813B6}.Debug|Any CPU.ActiveCfg = Debug|Any CPU
		{4AA2B2D6-DCE9-4DA2-961D-4D9BA52813B6}.Debug|Any CPU.Build.0 = Debug|Any CPU
		{4AA2B2D6-DCE9-4DA2-961D-4D9BA52813B6}.Release|Any CPU.ActiveCfg = Release|Any CPU
		{4AA2B2D6-DCE9-4DA2-961D-4D9BA52813B6}.Release|Any CPU.Build.0 = Release|Any CPU
	EndGlobalSection
	GlobalSection(SolutionProperties) = preSolution
		HideSolutionNode = FALSE
	EndGlobalSection
EndGlobal
